
Microsoft Visual Studio Solution File, Format Version 12.00
# Visual Studio 15
VisualStudioVersion = 15.0.27703.2042
MinimumVisualStudioVersion = 10.0.40219.1
Project("{FAE04EC0-301F-11D3-BF4B-00C04F79EFBC}") = "Isogram", "Isogram\Isogram.csproj", "{6322BC96-D40E-45FB-9A67-21A4BC7DA7CC}"
EndProject
Project("{FAE04EC0-301F-11D3-BF4B-00C04F79EFBC}") = "Isogram.Tests", "Isogram.Tests\Isogram.Tests.csproj", "{85D58E3C-AAFF-476A-B045-3C71BE969071}"
EndProject
Global
	GlobalSection(SolutionConfigurationPlatforms) = preSolution
		Debug|Any CPU = Debug|Any CPU
		Release|Any CPU = Release|Any CPU
	EndGlobalSection
	GlobalSection(ProjectConfigurationPlatforms) = postSolution
		{6322BC96-D40E-45FB-9A67-21A4BC7DA7CC}.Debug|Any CPU.ActiveCfg = Debug|Any CPU
		{6322BC96-D40E-45FB-9A67-21A4BC7DA7CC}.Debug|Any CPU.Build.0 = Debug|Any CPU
		{6322BC96-D40E-45FB-9A67-21A4BC7DA7CC}.Release|Any CPU.ActiveCfg = Release|Any CPU
		{6322BC96-D40E-45FB-9A67-21A4BC7DA7CC}.Release|Any CPU.Build.0 = Release|Any CPU
		{85D58E3C-AAFF-476A-B045-3C71BE969071}.Debug|Any CPU.ActiveCfg = Debug|Any CPU
		{85D58E3C-AAFF-476A-B045-3C71BE969071}.Debug|Any CPU.Build.0 = Debug|Any CPU
		{85D58E3C-AAFF-476A-B045-3C71BE969071}.Release|Any CPU.ActiveCfg = Release|Any CPU
		{85D58E3C-AAFF-476A-B045-3C71BE969071}.Release|Any CPU.Build.0 = Release|Any CPU
	EndGlobalSection
	GlobalSection(SolutionProperties) = preSolution
		HideSolutionNode = FALSE
	EndGlobalSection
	GlobalSection(ExtensibilityGlobals) = postSolution
		SolutionGuid = {CF2E8665-5277-4978-86D4-6018E60B435F}
	EndGlobalSection
EndGlobal
